
Microsoft Visual Studio Solution File, Format Version 12.00
# Visual Studio Version 16
VisualStudioVersion = 16.0.29009.5
MinimumVisualStudioVersion = 10.0.40219.1
Project("{2150E333-8FDC-42A3-9474-1A3956D46DE8}") = "Docs", "Docs", "{909F31E9-82E5-44E6-8B98-10BE00DAA658}"
	ProjectSection(SolutionItems) = preProject
		ReadMe.md = ReadMe.md
	EndProjectSection
EndProject
Project("{2150E333-8FDC-42A3-9474-1A3956D46DE8}") = "Src", "Src", "{7CD39576-D540-496D-AC79-643AD4752DC1}"
EndProject
Project("{2150E333-8FDC-42A3-9474-1A3956D46DE8}") = "Tests", "Tests", "{8C3C895D-0989-45F4-BC96-A2A68D6B27EC}"
EndProject
Project("{2150E333-8FDC-42A3-9474-1A3956D46DE8}") = "Common", "Common", "{C6760D60-0E2E-418C-9CF7-5BF0CECCF2F7}"
EndProject
Project("{2150E333-8FDC-42A3-9474-1A3956D46DE8}") = "Core", "Core", "{3A7A2F82-3966-4873-A484-F99180CEED9E}"
EndProject
Project("{2150E333-8FDC-42A3-9474-1A3956D46DE8}") = "Infrastructure", "Infrastructure", "{DB9C6B00-036E-4DF8-B27C-7A0F3EB1A40B}"
EndProject
Project("{2150E333-8FDC-42A3-9474-1A3956D46DE8}") = "Presentation", "Presentation", "{600284FC-3EE6-4120-8793-157F5FE48686}"
EndProject
Project("{9A19103F-16F7-4668-BE54-9A1E7A4F7556}") = "FlightPath.Application.Tests", "FlightPath.Application.Tests\FlightPath.Application.Tests.csproj", "{8B31DF29-49FA-457A-8BEA-03463E7B8261}"
EndProject
Project("{9A19103F-16F7-4668-BE54-9A1E7A4F7556}") = "FlightPath.Domain.Tests", "FlightPath.Domain.Tests\FlightPath.Domain.Tests.csproj", "{92D7BDE7-8AD6-4458-B51D-8E4F476F4457}"
EndProject
Project("{9A19103F-16F7-4668-BE54-9A1E7A4F7556}") = "FlightPath.Common", "FlightPath.Common\FlightPath.Common.csproj", "{86CE4A3A-DB5D-4B9E-A785-DC04FB4F1369}"
EndProject
Project("{9A19103F-16F7-4668-BE54-9A1E7A4F7556}") = "FlightPath.Api", "FlightPath.WebUI\FlightPath.Api.csproj", "{485BD6F0-949E-431C-BD1E-40CC13E8407D}"
EndProject
Project("{9A19103F-16F7-4668-BE54-9A1E7A4F7556}") = "FlightPath.Application", "FlightPath.Application\FlightPath.Application.csproj", "{2E801BEC-4103-4952-ABF0-FFD3DC3B6D86}"
EndProject
Project("{9A19103F-16F7-4668-BE54-9A1E7A4F7556}") = "FlightPath.Domain", "FlightPath.Domain\FlightPath.Domain.csproj", "{F754D559-647F-4375-B516-0767468F38C1}"
EndProject
Project("{9A19103F-16F7-4668-BE54-9A1E7A4F7556}") = "FlightPath.Infrastructure", "FlightPath.Infrastructure\FlightPath.Infrastructure.csproj", "{35AEF1AB-2832-40DE-954C-C9D7A1676E14}"
EndProject
Project("{9A19103F-16F7-4668-BE54-9A1E7A4F7556}") = "FlightPath.Persistence", "FlightPath.Persistence\FlightPath.Persistence.csproj", "{B3E09CF4-7C0D-45CA-AC1C-DBBBBB9747D2}"
EndProject
Project("{00D1A9C2-B5F0-4AF3-8072-F6C62B433612}") = "flightpath.database", "flightpath.database\flightpath.database.sqlproj", "{A9CF2119-550A-4DE9-A4A9-ED236AF461E4}"
EndProject
Global
	GlobalSection(SolutionConfigurationPlatforms) = preSolution
		Debug|Any CPU = Debug|Any CPU
		Release|Any CPU = Release|Any CPU
	EndGlobalSection
	GlobalSection(ProjectConfigurationPlatforms) = postSolution
		{8B31DF29-49FA-457A-8BEA-03463E7B8261}.Debug|Any CPU.ActiveCfg = Debug|Any CPU
		{8B31DF29-49FA-457A-8BEA-03463E7B8261}.Debug|Any CPU.Build.0 = Debug|Any CPU
		{8B31DF29-49FA-457A-8BEA-03463E7B8261}.Release|Any CPU.ActiveCfg = Release|Any CPU
		{8B31DF29-49FA-457A-8BEA-03463E7B8261}.Release|Any CPU.Build.0 = Release|Any CPU
		{92D7BDE7-8AD6-4458-B51D-8E4F476F4457}.Debug|Any CPU.ActiveCfg = Debug|Any CPU
		{92D7BDE7-8AD6-4458-B51D-8E4F476F4457}.Debug|Any CPU.Build.0 = Debug|Any CPU
		{92D7BDE7-8AD6-4458-B51D-8E4F476F4457}.Release|Any CPU.ActiveCfg = Release|Any CPU
		{92D7BDE7-8AD6-4458-B51D-8E4F476F4457}.Release|Any CPU.Build.0 = Release|Any CPU
		{86CE4A3A-DB5D-4B9E-A785-DC04FB4F1369}.Debug|Any CPU.ActiveCfg = Debug|Any CPU
		{86CE4A3A-DB5D-4B9E-A785-DC04FB4F1369}.Debug|Any CPU.Build.0 = Debug|Any CPU
		{86CE4A3A-DB5D-4B9E-A785-DC04FB4F1369}.Release|Any CPU.ActiveCfg = Release|Any CPU
		{86CE4A3A-DB5D-4B9E-A785-DC04FB4F1369}.Release|Any CPU.Build.0 = Release|Any CPU
		{485BD6F0-949E-431C-BD1E-40CC13E8407D}.Debug|Any CPU.ActiveCfg = Debug|Any CPU
		{485BD6F0-949E-431C-BD1E-40CC13E8407D}.Debug|Any CPU.Build.0 = Debug|Any CPU
		{485BD6F0-949E-431C-BD1E-40CC13E8407D}.Release|Any CPU.ActiveCfg = Release|Any CPU
		{485BD6F0-949E-431C-BD1E-40CC13E8407D}.Release|Any CPU.Build.0 = Release|Any CPU
		{2E801BEC-4103-4952-ABF0-FFD3DC3B6D86}.Debug|Any CPU.ActiveCfg = Debug|Any CPU
		{2E801BEC-4103-4952-ABF0-FFD3DC3B6D86}.Debug|Any CPU.Build.0 = Debug|Any CPU
		{2E801BEC-4103-4952-ABF0-FFD3DC3B6D86}.Release|Any CPU.ActiveCfg = Release|Any CPU
		{2E801BEC-4103-4952-ABF0-FFD3DC3B6D86}.Release|Any CPU.Build.0 = Release|Any CPU
		{F754D559-647F-4375-B516-0767468F38C1}.Debug|Any CPU.ActiveCfg = Debug|Any CPU
		{F754D559-647F-4375-B516-0767468F38C1}.Debug|Any CPU.Build.0 = Debug|Any CPU
		{F754D559-647F-4375-B516-0767468F38C1}.Release|Any CPU.ActiveCfg = Release|Any CPU
		{F754D559-647F-4375-B516-0767468F38C1}.Release|Any CPU.Build.0 = Release|Any CPU
		{35AEF1AB-2832-40DE-954C-C9D7A1676E14}.Debug|Any CPU.ActiveCfg = Debug|Any CPU
		{35AEF1AB-2832-40DE-954C-C9D7A1676E14}.Debug|Any CPU.Build.0 = Debug|Any CPU
		{35AEF1AB-2832-40DE-954C-C9D7A1676E14}.Release|Any CPU.ActiveCfg = Release|Any CPU
		{35AEF1AB-2832-40DE-954C-C9D7A1676E14}.Release|Any CPU.Build.0 = Release|Any CPU
		{B3E09CF4-7C0D-45CA-AC1C-DBBBBB9747D2}.Debug|Any CPU.ActiveCfg = Debug|Any CPU
		{B3E09CF4-7C0D-45CA-AC1C-DBBBBB9747D2}.Debug|Any CPU.Build.0 = Debug|Any CPU
		{B3E09CF4-7C0D-45CA-AC1C-DBBBBB9747D2}.Release|Any CPU.ActiveCfg = Release|Any CPU
		{B3E09CF4-7C0D-45CA-AC1C-DBBBBB9747D2}.Release|Any CPU.Build.0 = Release|Any CPU
		{A9CF2119-550A-4DE9-A4A9-ED236AF461E4}.Debug|Any CPU.ActiveCfg = Debug|Any CPU
		{A9CF2119-550A-4DE9-A4A9-ED236AF461E4}.Debug|Any CPU.Build.0 = Debug|Any CPU
		{A9CF2119-550A-4DE9-A4A9-ED236AF461E4}.Debug|Any CPU.Deploy.0 = Debug|Any CPU
		{A9CF2119-550A-4DE9-A4A9-ED236AF461E4}.Release|Any CPU.ActiveCfg = Release|Any CPU
		{A9CF2119-550A-4DE9-A4A9-ED236AF461E4}.Release|Any CPU.Build.0 = Release|Any CPU
		{A9CF2119-550A-4DE9-A4A9-ED236AF461E4}.Release|Any CPU.Deploy.0 = Release|Any CPU
	EndGlobalSection
	GlobalSection(SolutionProperties) = preSolution
		HideSolutionNode = FALSE
	EndGlobalSection
	GlobalSection(NestedProjects) = preSolution
		{C6760D60-0E2E-418C-9CF7-5BF0CECCF2F7} = {7CD39576-D540-496D-AC79-643AD4752DC1}
		{3A7A2F82-3966-4873-A484-F99180CEED9E} = {7CD39576-D540-496D-AC79-643AD4752DC1}
		{DB9C6B00-036E-4DF8-B27C-7A0F3EB1A40B} = {7CD39576-D540-496D-AC79-643AD4752DC1}
		{600284FC-3EE6-4120-8793-157F5FE48686} = {7CD39576-D540-496D-AC79-643AD4752DC1}
		{8B31DF29-49FA-457A-8BEA-03463E7B8261} = {8C3C895D-0989-45F4-BC96-A2A68D6B27EC}
		{92D7BDE7-8AD6-4458-B51D-8E4F476F4457} = {8C3C895D-0989-45F4-BC96-A2A68D6B27EC}
		{86CE4A3A-DB5D-4B9E-A785-DC04FB4F1369} = {C6760D60-0E2E-418C-9CF7-5BF0CECCF2F7}
		{485BD6F0-949E-431C-BD1E-40CC13E8407D} = {600284FC-3EE6-4120-8793-157F5FE48686}
		{2E801BEC-4103-4952-ABF0-FFD3DC3B6D86} = {3A7A2F82-3966-4873-A484-F99180CEED9E}
		{F754D559-647F-4375-B516-0767468F38C1} = {3A7A2F82-3966-4873-A484-F99180CEED9E}
		{35AEF1AB-2832-40DE-954C-C9D7A1676E14} = {DB9C6B00-036E-4DF8-B27C-7A0F3EB1A40B}
		{B3E09CF4-7C0D-45CA-AC1C-DBBBBB9747D2} = {DB9C6B00-036E-4DF8-B27C-7A0F3EB1A40B}
	EndGlobalSection
	GlobalSection(ExtensibilityGlobals) = postSolution
		SolutionGuid = {2368E48D-35BA-4372-A9A9-307A7F172494}
	EndGlobalSection
EndGlobal
